
Microsoft Visual Studio Solution File, Format Version 12.00
# Visual Studio Version 16
VisualStudioVersion = 16.0.32407.337
MinimumVisualStudioVersion = 10.0.40219.1
Project("{FAE04EC0-301F-11D3-BF4B-00C04F79EFBC}") = "Tabb_Page.UWP", "Tabb_Page.UWP\Tabb_Page.UWP.csproj", "{67FE4F86-14FF-4CD4-AEC8-0F8BC175050E}"
EndProject
Project("{FAE04EC0-301F-11D3-BF4B-00C04F79EFBC}") = "Tabb_Page.Android", "Tabb_Page.Android\Tabb_Page.Android.csproj", "{E947FDCA-9E93-4C04-B1F2-DB905DC327A1}"
EndProject
Project("{FAE04EC0-301F-11D3-BF4B-00C04F79EFBC}") = "Tabb_Page.iOS", "Tabb_Page.iOS\Tabb_Page.iOS.csproj", "{0B92259E-B0E8-4902-A166-E9EBD2DCD5A0}"
EndProject
Project("{FAE04EC0-301F-11D3-BF4B-00C04F79EFBC}") = "Tabb_Page", "Tabb_Page\Tabb_Page.csproj", "{272DD198-FB85-4538-B544-76BD7294D46A}"
EndProject
Global
	GlobalSection(SolutionConfigurationPlatforms) = preSolution
		Debug|Any CPU = Debug|Any CPU
		Debug|ARM = Debug|ARM
		Debug|iPhone = Debug|iPhone
		Debug|iPhoneSimulator = Debug|iPhoneSimulator
		Debug|x64 = Debug|x64
		Debug|x86 = Debug|x86
		Release|Any CPU = Release|Any CPU
		Release|ARM = Release|ARM
		Release|iPhone = Release|iPhone
		Release|iPhoneSimulator = Release|iPhoneSimulator
		Release|x64 = Release|x64
		Release|x86 = Release|x86
	EndGlobalSection
	GlobalSection(ProjectConfigurationPlatforms) = postSolution
		{67FE4F86-14FF-4CD4-AEC8-0F8BC175050E}.Debug|Any CPU.ActiveCfg = Debug|x86
		{67FE4F86-14FF-4CD4-AEC8-0F8BC175050E}.Debug|Any CPU.Build.0 = Debug|x86
		{67FE4F86-14FF-4CD4-AEC8-0F8BC175050E}.Debug|Any CPU.Deploy.0 = Debug|x86
		{67FE4F86-14FF-4CD4-AEC8-0F8BC175050E}.Debug|ARM.ActiveCfg = Debug|ARM
		{67FE4F86-14FF-4CD4-AEC8-0F8BC175050E}.Debug|ARM.Build.0 = Debug|ARM
		{67FE4F86-14FF-4CD4-AEC8-0F8BC175050E}.Debug|ARM.Deploy.0 = Debug|ARM
		{67FE4F86-14FF-4CD4-AEC8-0F8BC175050E}.Debug|iPhone.ActiveCfg = Debug|x86
		{67FE4F86-14FF-4CD4-AEC8-0F8BC175050E}.Debug|iPhone.Build.0 = Debug|x86
		{67FE4F86-14FF-4CD4-AEC8-0F8BC175050E}.Debug|iPhone.Deploy.0 = Debug|x86
		{67FE4F86-14FF-4CD4-AEC8-0F8BC175050E}.Debug|iPhoneSimulator.ActiveCfg = Debug|x86
		{67FE4F86-14FF-4CD4-AEC8-0F8BC175050E}.Debug|iPhoneSimulator.Build.0 = Debug|x86
		{67FE4F86-14FF-4CD4-AEC8-0F8BC175050E}.Debug|iPhoneSimulator.Deploy.0 = Debug|x86
		{67FE4F86-14FF-4CD4-AEC8-0F8BC175050E}.Debug|x64.ActiveCfg = Debug|x64
		{67FE4F86-14FF-4CD4-AEC8-0F8BC175050E}.Debug|x64.Build.0 = Debug|x64
		{67FE4F86-14FF-4CD4-AEC8-0F8BC175050E}.Debug|x64.Deploy.0 = Debug|x64
		{67FE4F86-14FF-4CD4-AEC8-0F8BC175050E}.Debug|x86.ActiveCfg = Debug|x86
		{67FE4F86-14FF-4CD4-AEC8-0F8BC175050E}.Debug|x86.Build.0 = Debug|x86
		{67FE4F86-14FF-4CD4-AEC8-0F8BC175050E}.Debug|x86.Deploy.0 = Debug|x86
		{67FE4F86-14FF-4CD4-AEC8-0F8BC175050E}.Release|Any CPU.ActiveCfg = Release|x86
		{67FE4F86-14FF-4CD4-AEC8-0F8BC175050E}.Release|Any CPU.Build.0 = Release|x86
		{67FE4F86-14FF-4CD4-AEC8-0F8BC175050E}.Release|Any CPU.Deploy.0 = Release|x86
		{67FE4F86-14FF-4CD4-AEC8-0F8BC175050E}.Release|ARM.ActiveCfg = Release|ARM
		{67FE4F86-14FF-4CD4-AEC8-0F8BC175050E}.Release|ARM.Build.0 = Release|ARM
		{67FE4F86-14FF-4CD4-AEC8-0F8BC175050E}.Release|ARM.Deploy.0 = Release|ARM
		{67FE4F86-14FF-4CD4-AEC8-0F8BC175050E}.Release|iPhone.ActiveCfg = Release|x86
		{67FE4F86-14FF-4CD4-AEC8-0F8BC175050E}.Release|iPhone.Build.0 = Release|x86
		{67FE4F86-14FF-4CD4-AEC8-0F8BC175050E}.Release|iPhone.Deploy.0 = Release|x86
		{67FE4F86-14FF-4CD4-AEC8-0F8BC175050E}.Release|iPhoneSimulator.ActiveCfg = Release|x86
		{67FE4F86-14FF-4CD4-AEC8-0F8BC175050E}.Release|iPhoneSimulator.Build.0 = Release|x86
		{67FE4F86-14FF-4CD4-AEC8-0F8BC175050E}.Release|iPhoneSimulator.Deploy.0 = Release|x86
		{67FE4F86-14FF-4CD4-AEC8-0F8BC175050E}.Release|x64.ActiveCfg = Release|x64
		{67FE4F86-14FF-4CD4-AEC8-0F8BC175050E}.Release|x64.Build.0 = Release|x64
		{67FE4F86-14FF-4CD4-AEC8-0F8BC175050E}.Release|x64.Deploy.0 = Release|x64
		{67FE4F86-14FF-4CD4-AEC8-0F8BC175050E}.Release|x86.ActiveCfg = Release|x86
		{67FE4F86-14FF-4CD4-AEC8-0F8BC175050E}.Release|x86.Build.0 = Release|x86
		{67FE4F86-14FF-4CD4-AEC8-0F8BC175050E}.Release|x86.Deploy.0 = Release|x86
		{E947FDCA-9E93-4C04-B1F2-DB905DC327A1}.Debug|Any CPU.ActiveCfg = Debug|Any CPU
		{E947FDCA-9E93-4C04-B1F2-DB905DC327A1}.Debug|Any CPU.Build.0 = Debug|Any CPU
		{E947FDCA-9E93-4C04-B1F2-DB905DC327A1}.Debug|Any CPU.Deploy.0 = Debug|Any CPU
		{E947FDCA-9E93-4C04-B1F2-DB905DC327A1}.Debug|ARM.ActiveCfg = Debug|Any CPU
		{E947FDCA-9E93-4C04-B1F2-DB905DC327A1}.Debug|ARM.Build.0 = Debug|Any CPU
		{E947FDCA-9E93-4C04-B1F2-DB905DC327A1}.Debug|ARM.Deploy.0 = Debug|Any CPU
		{E947FDCA-9E93-4C04-B1F2-DB905DC327A1}.Debug|iPhone.ActiveCfg = Debug|Any CPU
		{E947FDCA-9E93-4C04-B1F2-DB905DC327A1}.Debug|iPhone.Build.0 = Debug|Any CPU
		{E947FDCA-9E93-4C04-B1F2-DB905DC327A1}.Debug|iPhone.Deploy.0 = Debug|Any CPU
		{E947FDCA-9E93-4C04-B1F2-DB905DC327A1}.Debug|iPhoneSimulator.ActiveCfg = Debug|Any CPU
		{E947FDCA-9E93-4C04-B1F2-DB905DC327A1}.Debug|iPhoneSimulator.Build.0 = Debug|Any CPU
		{E947FDCA-9E93-4C04-B1F2-DB905DC327A1}.Debug|iPhoneSimulator.Deploy.0 = Debug|Any CPU
		{E947FDCA-9E93-4C04-B1F2-DB905DC327A1}.Debug|x64.ActiveCfg = Debug|Any CPU
		{E947FDCA-9E93-4C04-B1F2-DB905DC327A1}.Debug|x64.Build.0 = Debug|Any CPU
		{E947FDCA-9E93-4C04-B1F2-DB905DC327A1}.Debug|x64.Deploy.0 = Debug|Any CPU
		{E947FDCA-9E93-4C04-B1F2-DB905DC327A1}.Debug|x86.ActiveCfg = Debug|Any CPU
		{E947FDCA-9E93-4C04-B1F2-DB905DC327A1}.Debug|x86.Build.0 = Debug|Any CPU
		{E947FDCA-9E93-4C04-B1F2-DB905DC327A1}.Debug|x86.Deploy.0 = Debug|Any CPU
		{E947FDCA-9E93-4C04-B1F2-DB905DC327A1}.Release|Any CPU.ActiveCfg = Release|Any CPU
		{E947FDCA-9E93-4C04-B1F2-DB905DC327A1}.Release|Any CPU.Build.0 = Release|Any CPU
		{E947FDCA-9E93-4C04-B1F2-DB905DC327A1}.Release|Any CPU.Deploy.0 = Release|Any CPU
		{E947FDCA-9E93-4C04-B1F2-DB905DC327A1}.Release|ARM.ActiveCfg = Release|Any CPU
		{E947FDCA-9E93-4C04-B1F2-DB905DC327A1}.Release|ARM.Build.0 = Release|Any CPU
		{E947FDCA-9E93-4C04-B1F2-DB905DC327A1}.Release|ARM.Deploy.0 = Release|Any CPU
		{E947FDCA-9E93-4C04-B1F2-DB905DC327A1}.Release|iPhone.ActiveCfg = Release|Any CPU
		{E947FDCA-9E93-4C04-B1F2-DB905DC327A1}.Release|iPhone.Build.0 = Release|Any CPU
		{E947FDCA-9E93-4C04-B1F2-DB905DC327A1}.Release|iPhone.Deploy.0 = Release|Any CPU
		{E947FDCA-9E93-4C04-B1F2-DB905DC327A1}.Release|iPhoneSimulator.ActiveCfg = Release|Any CPU
		{E947FDCA-9E93-4C04-B1F2-DB905DC327A1}.Release|iPhoneSimulator.Build.0 = Release|Any CPU
		{E947FDCA-9E93-4C04-B1F2-DB905DC327A1}.Release|iPhoneSimulator.Deploy.0 = Release|Any CPU
		{E947FDCA-9E93-4C04-B1F2-DB905DC327A1}.Release|x64.ActiveCfg = Release|Any CPU
		{E947FDCA-9E93-4C04-B1F2-DB905DC327A1}.Release|x64.Build.0 = Release|Any CPU
		{E947FDCA-9E93-4C04-B1F2-DB905DC327A1}.Release|x64.Deploy.0 = Release|Any CPU
		{E947FDCA-9E93-4C04-B1F2-DB905DC327A1}.Release|x86.ActiveCfg = Release|Any CPU
		{E947FDCA-9E93-4C04-B1F2-DB905DC327A1}.Release|x86.Build.0 = Release|Any CPU
		{E947FDCA-9E93-4C04-B1F2-DB905DC327A1}.Release|x86.Deploy.0 = Release|Any CPU
		{0B92259E-B0E8-4902-A166-E9EBD2DCD5A0}.Debug|Any CPU.ActiveCfg = Debug|iPhoneSimulator
		{0B92259E-B0E8-4902-A166-E9EBD2DCD5A0}.Debug|Any CPU.Build.0 = Debug|iPhoneSimulator
		{0B92259E-B0E8-4902-A166-E9EBD2DCD5A0}.Debug|Any CPU.Deploy.0 = Debug|iPhoneSimulator
		{0B92259E-B0E8-4902-A166-E9EBD2DCD5A0}.Debug|ARM.ActiveCfg = Debug|iPhone
		{0B92259E-B0E8-4902-A166-E9EBD2DCD5A0}.Debug|ARM.Build.0 = Debug|iPhone
		{0B92259E-B0E8-4902-A166-E9EBD2DCD5A0}.Debug|ARM.Deploy.0 = Debug|iPhone
		{0B92259E-B0E8-4902-A166-E9EBD2DCD5A0}.Debug|iPhone.ActiveCfg = Debug|iPhone
		{0B92259E-B0E8-4902-A166-E9EBD2DCD5A0}.Debug|iPhone.Build.0 = Debug|iPhone
		{0B92259E-B0E8-4902-A166-E9EBD2DCD5A0}.Debug|iPhone.Deploy.0 = Debug|iPhone
		{0B92259E-B0E8-4902-A166-E9EBD2DCD5A0}.Debug|iPhoneSimulator.ActiveCfg = Debug|iPhoneSimulator
		{0B92259E-B0E8-4902-A166-E9EBD2DCD5A0}.Debug|iPhoneSimulator.Build.0 = Debug|iPhoneSimulator
		{0B92259E-B0E8-4902-A166-E9EBD2DCD5A0}.Debug|iPhoneSimulator.Deploy.0 = Debug|iPhoneSimulator
		{0B92259E-B0E8-4902-A166-E9EBD2DCD5A0}.Debug|x64.ActiveCfg = Debug|iPhoneSimulator
		{0B92259E-B0E8-4902-A166-E9EBD2DCD5A0}.Debug|x64.Build.0 = Debug|iPhoneSimulator
		{0B92259E-B0E8-4902-A166-E9EBD2DCD5A0}.Debug|x64.Deploy.0 = Debug|iPhoneSimulator
		{0B92259E-B0E8-4902-A166-E9EBD2DCD5A0}.Debug|x86.ActiveCfg = Debug|iPhoneSimulator
		{0B92259E-B0E8-4902-A166-E9EBD2DCD5A0}.Debug|x86.Build.0 = Debug|iPhoneSimulator
		{0B92259E-B0E8-4902-A166-E9EBD2DCD5A0}.Debug|x86.Deploy.0 = Debug|iPhoneSimulator
		{0B92259E-B0E8-4902-A166-E9EBD2DCD5A0}.Release|Any CPU.ActiveCfg = Release|iPhoneSimulator
		{0B92259E-B0E8-4902-A166-E9EBD2DCD5A0}.Release|Any CPU.Build.0 = Release|iPhoneSimulator
		{0B92259E-B0E8-4902-A166-E9EBD2DCD5A0}.Release|Any CPU.Deploy.0 = Release|iPhoneSimulator
		{0B92259E-B0E8-4902-A166-E9EBD2DCD5A0}.Release|ARM.ActiveCfg = Release|iPhoneSimulator
		{0B92259E-B0E8-4902-A166-E9EBD2DCD5A0}.Release|ARM.Build.0 = Release|iPhoneSimulator
		{0B92259E-B0E8-4902-A166-E9EBD2DCD5A0}.Release|ARM.Deploy.0 = Release|iPhoneSimulator
		{0B92259E-B0E8-4902-A166-E9EBD2DCD5A0}.Release|iPhone.ActiveCfg = Release|iPhone
		{0B92259E-B0E8-4902-A166-E9EBD2DCD5A0}.Release|iPhone.Build.0 = Release|iPhone
		{0B92259E-B0E8-4902-A166-E9EBD2DCD5A0}.Release|iPhone.Deploy.0 = Release|iPhone
		{0B92259E-B0E8-4902-A166-E9EBD2DCD5A0}.Release|iPhoneSimulator.ActiveCfg = Release|iPhoneSimulator
		{0B92259E-B0E8-4902-A166-E9EBD2DCD5A0}.Release|iPhoneSimulator.Build.0 = Release|iPhoneSimulator
		{0B92259E-B0E8-4902-A166-E9EBD2DCD5A0}.Release|iPhoneSimulator.Deploy.0 = Release|iPhoneSimulator
		{0B92259E-B0E8-4902-A166-E9EBD2DCD5A0}.Release|x64.ActiveCfg = Release|iPhoneSimulator
		{0B92259E-B0E8-4902-A166-E9EBD2DCD5A0}.Release|x64.Build.0 = Release|iPhoneSimulator
		{0B92259E-B0E8-4902-A166-E9EBD2DCD5A0}.Release|x64.Deploy.0 = Release|iPhoneSimulator
		{0B92259E-B0E8-4902-A166-E9EBD2DCD5A0}.Release|x86.ActiveCfg = Release|iPhoneSimulator
		{0B92259E-B0E8-4902-A166-E9EBD2DCD5A0}.Release|x86.Build.0 = Release|iPhoneSimulator
		{0B92259E-B0E8-4902-A166-E9EBD2DCD5A0}.Release|x86.Deploy.0 = Release|iPhoneSimulator
		{272DD198-FB85-4538-B544-76BD7294D46A}.Debug|Any CPU.ActiveCfg = Debug|Any CPU
		{272DD198-FB85-4538-B544-76BD7294D46A}.Debug|Any CPU.Build.0 = Debug|Any CPU
		{272DD198-FB85-4538-B544-76BD7294D46A}.Debug|Any CPU.Deploy.0 = Debug|Any CPU
		{272DD198-FB85-4538-B544-76BD7294D46A}.Debug|ARM.ActiveCfg = Debug|Any CPU
		{272DD198-FB85-4538-B544-76BD7294D46A}.Debug|ARM.Build.0 = Debug|Any CPU
		{272DD198-FB85-4538-B544-76BD7294D46A}.Debug|ARM.Deploy.0 = Debug|Any CPU
		{272DD198-FB85-4538-B544-76BD7294D46A}.Debug|iPhone.ActiveCfg = Debug|Any CPU
		{272DD198-FB85-4538-B544-76BD7294D46A}.Debug|iPhone.Build.0 = Debug|Any CPU
		{272DD198-FB85-4538-B544-76BD7294D46A}.Debug|iPhone.Deploy.0 = Debug|Any CPU
		{272DD198-FB85-4538-B544-76BD7294D46A}.Debug|iPhoneSimulator.ActiveCfg = Debug|Any CPU
		{272DD198-FB85-4538-B544-76BD7294D46A}.Debug|iPhoneSimulator.Build.0 = Debug|Any CPU
		{272DD198-FB85-4538-B544-76BD7294D46A}.Debug|iPhoneSimulator.Deploy.0 = Debug|Any CPU
		{272DD198-FB85-4538-B544-76BD7294D46A}.Debug|x64.ActiveCfg = Debug|Any CPU
		{272DD198-FB85-4538-B544-76BD7294D46A}.Debug|x64.Build.0 = Debug|Any CPU
		{272DD198-FB85-4538-B544-76BD7294D46A}.Debug|x64.Deploy.0 = Debug|Any CPU
		{272DD198-FB85-4538-B544-76BD7294D46A}.Debug|x86.ActiveCfg = Debug|Any CPU
		{272DD198-FB85-4538-B544-76BD7294D46A}.Debug|x86.Build.0 = Debug|Any CPU
		{272DD198-FB85-4538-B544-76BD7294D46A}.Debug|x86.Deploy.0 = Debug|Any CPU
		{272DD198-FB85-4538-B544-76BD7294D46A}.Release|Any CPU.ActiveCfg = Release|Any CPU
		{272DD198-FB85-4538-B544-76BD7294D46A}.Release|Any CPU.Build.0 = Release|Any CPU
		{272DD198-FB85-4538-B544-76BD7294D46A}.Release|Any CPU.Deploy.0 = Release|Any CPU
		{272DD198-FB85-4538-B544-76BD7294D46A}.Release|ARM.ActiveCfg = Release|Any CPU
		{272DD198-FB85-4538-B544-76BD7294D46A}.Release|ARM.Build.0 = Release|Any CPU
		{272DD198-FB85-4538-B544-76BD7294D46A}.Release|ARM.Deploy.0 = Release|Any CPU
		{272DD198-FB85-4538-B544-76BD7294D46A}.Release|iPhone.ActiveCfg = Release|Any CPU
		{272DD198-FB85-4538-B544-76BD7294D46A}.Release|iPhone.Build.0 = Release|Any CPU
		{272DD198-FB85-4538-B544-76BD7294D46A}.Release|iPhone.Deploy.0 = Release|Any CPU
		{272DD198-FB85-4538-B544-76BD7294D46A}.Release|iPhoneSimulator.ActiveCfg = Release|Any CPU
		{272DD198-FB85-4538-B544-76BD7294D46A}.Release|iPhoneSimulator.Build.0 = Release|Any CPU
		{272DD198-FB85-4538-B544-76BD7294D46A}.Release|iPhoneSimulator.Deploy.0 = Release|Any CPU
		{272DD198-FB85-4538-B544-76BD7294D46A}.Release|x64.ActiveCfg = Release|Any CPU
		{272DD198-FB85-4538-B544-76BD7294D46A}.Release|x64.Build.0 = Release|Any CPU
		{272DD198-FB85-4538-B544-76BD7294D46A}.Release|x64.Deploy.0 = Release|Any CPU
		{272DD198-FB85-4538-B544-76BD7294D46A}.Release|x86.ActiveCfg = Release|Any CPU
		{272DD198-FB85-4538-B544-76BD7294D46A}.Release|x86.Build.0 = Release|Any CPU
		{272DD198-FB85-4538-B544-76BD7294D46A}.Release|x86.Deploy.0 = Release|Any CPU
	EndGlobalSection
	GlobalSection(SolutionProperties) = preSolution
		HideSolutionNode = FALSE
	EndGlobalSection
	GlobalSection(ExtensibilityGlobals) = postSolution
		SolutionGuid = {1C1514FE-49C7-45BF-88D0-C1FBABA416E2}
	EndGlobalSection
EndGlobal
